
Microsoft Visual Studio Solution File, Format Version 12.00
# Visual Studio Version 17
VisualStudioVersion = 17.3.32611.2
MinimumVisualStudioVersion = 10.0.40219.1
Project("{9A19103F-16F7-4668-BE54-9A1E7A4F7556}") = "Sticky", "src\Sticky\Sticky.csproj", "{64180D8A-CAFA-48C7-828F-FED999755A6D}"
EndProject
Project("{9A19103F-16F7-4668-BE54-9A1E7A4F7556}") = "ModernWpf", "src\ModernWpf\ModernWpf.csproj", "{348FE930-5590-463B-9E98-033286F7E29A}"
EndProject
Project("{9A19103F-16F7-4668-BE54-9A1E7A4F7556}") = "ModernWpf.Controls", "src\ModernWpf.Controls\ModernWpf.Controls.csproj", "{A899C117-B43E-4758-84E2-41F892F85631}"
EndProject
Global
  GlobalSection(SolutionConfigurationPlatforms) = preSolution
    Debug|x64 = Debug|x64
    Release|x64 = Release|x64
  EndGlobalSection
  GlobalSection(ProjectConfigurationPlatforms) = postSolution
    {64180D8A-CAFA-48C7-828F-FED999755A6D}.Debug|x64.ActiveCfg = Debug|x64
    {64180D8A-CAFA-48C7-828F-FED999755A6D}.Debug|x64.Build.0 = Debug|x64
    {64180D8A-CAFA-48C7-828F-FED999755A6D}.Release|x64.ActiveCfg = Release|x64
    {64180D8A-CAFA-48C7-828F-FED999755A6D}.Release|x64.Build.0 = Release|x64
    {348FE930-5590-463B-9E98-033286F7E29A}.Debug|x64.ActiveCfg = Debug|x64
    {348FE930-5590-463B-9E98-033286F7E29A}.Debug|x64.Build.0 = Debug|x64
    {348FE930-5590-463B-9E98-033286F7E29A}.Release|x64.ActiveCfg = Release|x64
    {A899C117-B43E-4758-84E2-41F892F85631}.Debug|x64.ActiveCfg = Debug|x64
    {A899C117-B43E-4758-84E2-41F892F85631}.Debug|x64.Build.0 = Debug|x64
    {A899C117-B43E-4758-84E2-41F892F85631}.Release|x64.ActiveCfg = Release|x64
  EndGlobalSection
  GlobalSection(SolutionProperties) = preSolution
    HideSolutionNode = FALSE
  EndGlobalSection
  GlobalSection(ExtensibilityGlobals) = postSolution
    SolutionGuid = {59827F23-C42A-4D3C-8B2B-76A3A414382F}
  EndGlobalSection
EndGlobal
